
Microsoft Visual Studio Solution File, Format Version 12.00
# Visual Studio 2013
VisualStudioVersion = 12.0.31101.0
MinimumVisualStudioVersion = 10.0.40219.1
Project("{FAE04EC0-301F-11D3-BF4B-00C04F79EFBC}") = "TortoisePlatform", "TortoisePlatform\TortoisePlatform.csproj", "{480D3379-AB55-4E96-BE21-09C8A721699F}"
EndProject
Project("{FAE04EC0-301F-11D3-BF4B-00C04F79EFBC}") = "PidLibrary", "PidLibrary\PidLibrary.csproj", "{8BC06C86-B06A-4931-861C-754B7531BFD4}"
EndProject
Project("{FAE04EC0-301F-11D3-BF4B-00C04F79EFBC}") = "VisualPidTest", "VisualPidTest\VisualPidTest.csproj", "{BDF7610F-7877-4850-AF2B-1347779BFF77}"
EndProject
Global
	GlobalSection(SolutionConfigurationPlatforms) = preSolution
		Debug|Any CPU = Debug|Any CPU
		Release|Any CPU = Release|Any CPU
	EndGlobalSection
	GlobalSection(ProjectConfigurationPlatforms) = postSolution
		{480D3379-AB55-4E96-BE21-09C8A721699F}.Debug|Any CPU.ActiveCfg = Debug|Any CPU
		{480D3379-AB55-4E96-BE21-09C8A721699F}.Debug|Any CPU.Build.0 = Debug|Any CPU
		{480D3379-AB55-4E96-BE21-09C8A721699F}.Release|Any CPU.ActiveCfg = Release|Any CPU
		{480D3379-AB55-4E96-BE21-09C8A721699F}.Release|Any CPU.Build.0 = Release|Any CPU
		{8BC06C86-B06A-4931-861C-754B7531BFD4}.Debug|Any CPU.ActiveCfg = Debug|Any CPU
		{8BC06C86-B06A-4931-861C-754B7531BFD4}.Debug|Any CPU.Build.0 = Debug|Any CPU
		{8BC06C86-B06A-4931-861C-754B7531BFD4}.Release|Any CPU.ActiveCfg = Release|Any CPU
		{8BC06C86-B06A-4931-861C-754B7531BFD4}.Release|Any CPU.Build.0 = Release|Any CPU
		{BDF7610F-7877-4850-AF2B-1347779BFF77}.Debug|Any CPU.ActiveCfg = Debug|Any CPU
		{BDF7610F-7877-4850-AF2B-1347779BFF77}.Debug|Any CPU.Build.0 = Debug|Any CPU
		{BDF7610F-7877-4850-AF2B-1347779BFF77}.Release|Any CPU.ActiveCfg = Release|Any CPU
		{BDF7610F-7877-4850-AF2B-1347779BFF77}.Release|Any CPU.Build.0 = Release|Any CPU
	EndGlobalSection
	GlobalSection(SolutionProperties) = preSolution
		HideSolutionNode = FALSE
	EndGlobalSection
EndGlobal
